
Microsoft Visual Studio Solution File, Format Version 12.00
# Visual Studio Version 17
VisualStudioVersion = 17.14.36310.24 d17.14
MinimumVisualStudioVersion = 10.0.40219.1
Project("{FAE04EC0-301F-11D3-BF4B-00C04F79EFBC}") = "test8", "test8\test8.csproj", "{DBC4B245-7BBC-481E-AC76-FEC54BD6C349}"
EndProject
Global
	GlobalSection(SolutionConfigurationPlatforms) = preSolution
		Debug|Any CPU = Debug|Any CPU
		Release|Any CPU = Release|Any CPU
	EndGlobalSection
	GlobalSection(ProjectConfigurationPlatforms) = postSolution
		{DBC4B245-7BBC-481E-AC76-FEC54BD6C349}.Debug|Any CPU.ActiveCfg = Debug|Any CPU
		{DBC4B245-7BBC-481E-AC76-FEC54BD6C349}.Debug|Any CPU.Build.0 = Debug|Any CPU
		{DBC4B245-7BBC-481E-AC76-FEC54BD6C349}.Release|Any CPU.ActiveCfg = Release|Any CPU
		{DBC4B245-7BBC-481E-AC76-FEC54BD6C349}.Release|Any CPU.Build.0 = Release|Any CPU
	EndGlobalSection
	GlobalSection(SolutionProperties) = preSolution
		HideSolutionNode = FALSE
	EndGlobalSection
	GlobalSection(ExtensibilityGlobals) = postSolution
		SolutionGuid = {18FDBD05-B09E-428A-BED3-A4AB3D45DB8A}
	EndGlobalSection
EndGlobal
